
Microsoft Visual Studio Solution File, Format Version 12.00
Project("{FAE04EC0-301F-11D3-BF4B-00C04F79EFBC}") = "PollyDemo.FacadeApi", "PollyDemo.FacadeApi\PollyDemo.FacadeApi.csproj", "{C3B5CBEB-66AA-4461-A4D6-18A108040CCE}"
EndProject
Project("{FAE04EC0-301F-11D3-BF4B-00C04F79EFBC}") = "PollyDemo.Todo", "PollyDemo.Todo\PollyDemo.Todo.csproj", "{DC0D5B98-C0F5-41B0-8F14-6FB08D545F0F}"
EndProject
Global
	GlobalSection(SolutionConfigurationPlatforms) = preSolution
		Debug|Any CPU = Debug|Any CPU
		Release|Any CPU = Release|Any CPU
	EndGlobalSection
	GlobalSection(ProjectConfigurationPlatforms) = postSolution
		{C3B5CBEB-66AA-4461-A4D6-18A108040CCE}.Debug|Any CPU.ActiveCfg = Debug|Any CPU
		{C3B5CBEB-66AA-4461-A4D6-18A108040CCE}.Debug|Any CPU.Build.0 = Debug|Any CPU
		{C3B5CBEB-66AA-4461-A4D6-18A108040CCE}.Release|Any CPU.ActiveCfg = Release|Any CPU
		{C3B5CBEB-66AA-4461-A4D6-18A108040CCE}.Release|Any CPU.Build.0 = Release|Any CPU
		{DC0D5B98-C0F5-41B0-8F14-6FB08D545F0F}.Debug|Any CPU.ActiveCfg = Debug|Any CPU
		{DC0D5B98-C0F5-41B0-8F14-6FB08D545F0F}.Debug|Any CPU.Build.0 = Debug|Any CPU
		{DC0D5B98-C0F5-41B0-8F14-6FB08D545F0F}.Release|Any CPU.ActiveCfg = Release|Any CPU
		{DC0D5B98-C0F5-41B0-8F14-6FB08D545F0F}.Release|Any CPU.Build.0 = Release|Any CPU
	EndGlobalSection
EndGlobal
